
Microsoft Visual Studio Solution File, Format Version 12.00
# Visual Studio Version 17
VisualStudioVersion = 17.4.33205.214
MinimumVisualStudioVersion = 10.0.40219.1
Project("{9A19103F-16F7-4668-BE54-9A1E7A4F7556}") = "WPF1", "WPF1\WPF1.csproj", "{6CC4ED00-A8CB-4AE0-89B0-4C6942A0E43F}"
EndProject
Project("{FAE04EC0-301F-11D3-BF4B-00C04F79EFBC}") = "CLib1", "CLib1\CLib1.csproj", "{23EFF35B-75EC-4FF6-83BC-06C18CE62C44}"
EndProject
Global
	GlobalSection(SolutionConfigurationPlatforms) = preSolution
		Debug|Any CPU = Debug|Any CPU
		Release|Any CPU = Release|Any CPU
	EndGlobalSection
	GlobalSection(ProjectConfigurationPlatforms) = postSolution
		{6CC4ED00-A8CB-4AE0-89B0-4C6942A0E43F}.Debug|Any CPU.ActiveCfg = Debug|Any CPU
		{6CC4ED00-A8CB-4AE0-89B0-4C6942A0E43F}.Debug|Any CPU.Build.0 = Debug|Any CPU
		{6CC4ED00-A8CB-4AE0-89B0-4C6942A0E43F}.Release|Any CPU.ActiveCfg = Release|Any CPU
		{6CC4ED00-A8CB-4AE0-89B0-4C6942A0E43F}.Release|Any CPU.Build.0 = Release|Any CPU
		{23EFF35B-75EC-4FF6-83BC-06C18CE62C44}.Debug|Any CPU.ActiveCfg = Debug|Any CPU
		{23EFF35B-75EC-4FF6-83BC-06C18CE62C44}.Debug|Any CPU.Build.0 = Debug|Any CPU
		{23EFF35B-75EC-4FF6-83BC-06C18CE62C44}.Release|Any CPU.ActiveCfg = Release|Any CPU
		{23EFF35B-75EC-4FF6-83BC-06C18CE62C44}.Release|Any CPU.Build.0 = Release|Any CPU
	EndGlobalSection
	GlobalSection(SolutionProperties) = preSolution
		HideSolutionNode = FALSE
	EndGlobalSection
	GlobalSection(ExtensibilityGlobals) = postSolution
		SolutionGuid = {5B663C96-2EF7-4A49-B85A-E41C854DEF2C}
	EndGlobalSection
EndGlobal
